
Microsoft Visual Studio Solution File, Format Version 11.00
# Visual Studio 2010
Project("{FAE04EC0-301F-11D3-BF4B-00C04F79EFBC}") = "ChiTietCongViec", "ChiTietCongViec\ChiTietCongViec.csproj", "{D6FEC681-34FF-45A6-8253-AFA0A94BFD2F}"
EndProject
Project("{FAE04EC0-301F-11D3-BF4B-00C04F79EFBC}") = "Public", "Public\Public.csproj", "{877A96A4-E7E4-4508-A1A3-A1D507A18D94}"
EndProject
Project("{FAE04EC0-301F-11D3-BF4B-00C04F79EFBC}") = "Data", "Data\Data.csproj", "{C6CFF345-8832-49FA-9929-C70646C4D7BC}"
EndProject
Project("{FAE04EC0-301F-11D3-BF4B-00C04F79EFBC}") = "BLL", "BLL\BLL.csproj", "{E9A9C2F8-6076-4ECF-98C7-421E2E376809}"
EndProject
Global
	GlobalSection(SolutionConfigurationPlatforms) = preSolution
		Debug|Any CPU = Debug|Any CPU
		Release|Any CPU = Release|Any CPU
	EndGlobalSection
	GlobalSection(ProjectConfigurationPlatforms) = postSolution
		{D6FEC681-34FF-45A6-8253-AFA0A94BFD2F}.Debug|Any CPU.ActiveCfg = Debug|Any CPU
		{D6FEC681-34FF-45A6-8253-AFA0A94BFD2F}.Debug|Any CPU.Build.0 = Debug|Any CPU
		{D6FEC681-34FF-45A6-8253-AFA0A94BFD2F}.Release|Any CPU.ActiveCfg = Release|Any CPU
		{D6FEC681-34FF-45A6-8253-AFA0A94BFD2F}.Release|Any CPU.Build.0 = Release|Any CPU
		{877A96A4-E7E4-4508-A1A3-A1D507A18D94}.Debug|Any CPU.ActiveCfg = Debug|Any CPU
		{877A96A4-E7E4-4508-A1A3-A1D507A18D94}.Debug|Any CPU.Build.0 = Debug|Any CPU
		{877A96A4-E7E4-4508-A1A3-A1D507A18D94}.Release|Any CPU.ActiveCfg = Release|Any CPU
		{877A96A4-E7E4-4508-A1A3-A1D507A18D94}.Release|Any CPU.Build.0 = Release|Any CPU
		{C6CFF345-8832-49FA-9929-C70646C4D7BC}.Debug|Any CPU.ActiveCfg = Debug|Any CPU
		{C6CFF345-8832-49FA-9929-C70646C4D7BC}.Debug|Any CPU.Build.0 = Debug|Any CPU
		{C6CFF345-8832-49FA-9929-C70646C4D7BC}.Release|Any CPU.ActiveCfg = Release|Any CPU
		{C6CFF345-8832-49FA-9929-C70646C4D7BC}.Release|Any CPU.Build.0 = Release|Any CPU
		{E9A9C2F8-6076-4ECF-98C7-421E2E376809}.Debug|Any CPU.ActiveCfg = Debug|Any CPU
		{E9A9C2F8-6076-4ECF-98C7-421E2E376809}.Debug|Any CPU.Build.0 = Debug|Any CPU
		{E9A9C2F8-6076-4ECF-98C7-421E2E376809}.Release|Any CPU.ActiveCfg = Release|Any CPU
		{E9A9C2F8-6076-4ECF-98C7-421E2E376809}.Release|Any CPU.Build.0 = Release|Any CPU
	EndGlobalSection
	GlobalSection(SolutionProperties) = preSolution
		HideSolutionNode = FALSE
	EndGlobalSection
EndGlobal
